
Microsoft Visual Studio Solution File, Format Version 12.00
# Visual Studio Version 16
VisualStudioVersion = 16.0.31129.286
MinimumVisualStudioVersion = 10.0.40219.1
Project("{FAE04EC0-301F-11D3-BF4B-00C04F79EFBC}") = "WeatherForecast", "WeatherForecast\WeatherForecast.csproj", "{E588C737-1B01-4C2D-90D8-A4F08C99A2B8}"
EndProject
Global
	GlobalSection(SolutionConfigurationPlatforms) = preSolution
		Debug|Any CPU = Debug|Any CPU
		Release|Any CPU = Release|Any CPU
	EndGlobalSection
	GlobalSection(ProjectConfigurationPlatforms) = postSolution
		{E588C737-1B01-4C2D-90D8-A4F08C99A2B8}.Debug|Any CPU.ActiveCfg = Debug|Any CPU
		{E588C737-1B01-4C2D-90D8-A4F08C99A2B8}.Debug|Any CPU.Build.0 = Debug|Any CPU
		{E588C737-1B01-4C2D-90D8-A4F08C99A2B8}.Release|Any CPU.ActiveCfg = Release|Any CPU
		{E588C737-1B01-4C2D-90D8-A4F08C99A2B8}.Release|Any CPU.Build.0 = Release|Any CPU
	EndGlobalSection
	GlobalSection(SolutionProperties) = preSolution
		HideSolutionNode = FALSE
	EndGlobalSection
	GlobalSection(ExtensibilityGlobals) = postSolution
		SolutionGuid = {91449C2D-4482-4124-A841-A156D99B33F7}
	EndGlobalSection
EndGlobal
